
Microsoft Visual Studio Solution File, Format Version 12.00
# Visual Studio Version 17
VisualStudioVersion = 17.5.33530.505
MinimumVisualStudioVersion = 10.0.40219.1
Project("{FAE04EC0-301F-11D3-BF4B-00C04F79EFBC}") = "WSLConfigManager", "WSLConfigManager.csproj", "{F6197C2E-9D93-4613-AD46-7B45A1187081}"
EndProject
Global
	GlobalSection(SolutionConfigurationPlatforms) = preSolution
		Debug|Any CPU = Debug|Any CPU
		Release|Any CPU = Release|Any CPU
	EndGlobalSection
	GlobalSection(ProjectConfigurationPlatforms) = postSolution
		{F6197C2E-9D93-4613-AD46-7B45A1187081}.Debug|Any CPU.ActiveCfg = Debug|Any CPU
		{F6197C2E-9D93-4613-AD46-7B45A1187081}.Debug|Any CPU.Build.0 = Debug|Any CPU
		{F6197C2E-9D93-4613-AD46-7B45A1187081}.Release|Any CPU.ActiveCfg = Release|Any CPU
		{F6197C2E-9D93-4613-AD46-7B45A1187081}.Release|Any CPU.Build.0 = Release|Any CPU
	EndGlobalSection
	GlobalSection(SolutionProperties) = preSolution
		HideSolutionNode = FALSE
	EndGlobalSection
	GlobalSection(ExtensibilityGlobals) = postSolution
		SolutionGuid = {6ADE154E-6671-422C-9E6D-7D7155A90720}
	EndGlobalSection
EndGlobal
